
Microsoft Visual Studio Solution File, Format Version 12.00
# Visual Studio 15
Project("{FAE04EC0-301F-11D3-BF4B-00C04F79EFBC}") = "ModelAssembly", "ModelAssembly.csproj", "{C0A87B6E-5958-2844-E7E7-4DCFEC80C51C}"
EndProject
Project("{FAE04EC0-301F-11D3-BF4B-00C04F79EFBC}") = "Assembly-CSharp", "Assembly-CSharp.csproj", "{1947027B-440D-020C-5405-28FAA0307F37}"
EndProject
Project("{2150E333-8FDC-42A3-9474-1A3956D46DE8}") = "Solution Items", "Solution Items", "{FEA088BD-70B0-4B5F-AA5A-1AD8E64DED61}"
	ProjectSection(SolutionItems) = preProject
		.editorconfig = .editorconfig
	EndProjectSection
EndProject
Global
	GlobalSection(SolutionConfigurationPlatforms) = preSolution
		Debug|Any CPU = Debug|Any CPU
		Release|Any CPU = Release|Any CPU
	EndGlobalSection
	GlobalSection(ProjectConfigurationPlatforms) = postSolution
		{C0A87B6E-5958-2844-E7E7-4DCFEC80C51C}.Debug|Any CPU.ActiveCfg = Debug|Any CPU
		{C0A87B6E-5958-2844-E7E7-4DCFEC80C51C}.Debug|Any CPU.Build.0 = Debug|Any CPU
		{C0A87B6E-5958-2844-E7E7-4DCFEC80C51C}.Release|Any CPU.ActiveCfg = Release|Any CPU
		{C0A87B6E-5958-2844-E7E7-4DCFEC80C51C}.Release|Any CPU.Build.0 = Release|Any CPU
		{1947027B-440D-020C-5405-28FAA0307F37}.Debug|Any CPU.ActiveCfg = Debug|Any CPU
		{1947027B-440D-020C-5405-28FAA0307F37}.Debug|Any CPU.Build.0 = Debug|Any CPU
		{1947027B-440D-020C-5405-28FAA0307F37}.Release|Any CPU.ActiveCfg = Release|Any CPU
		{1947027B-440D-020C-5405-28FAA0307F37}.Release|Any CPU.Build.0 = Release|Any CPU
	EndGlobalSection
	GlobalSection(SolutionProperties) = preSolution
		HideSolutionNode = FALSE
	EndGlobalSection
EndGlobal
